
Microsoft Visual Studio Solution File, Format Version 12.00
# Visual Studio Version 16
VisualStudioVersion = 16.0.29609.76
MinimumVisualStudioVersion = 10.0.40219.1
Project("{2150E333-8FDC-42A3-9474-1A3956D46DE8}") = "Android", "Android", "{4D687E38-42F2-4513-BE83-2BE6418E20EA}"
EndProject
Project("{2150E333-8FDC-42A3-9474-1A3956D46DE8}") = "Utilities", "Utilities", "{C42D6C6F-24C6-423E-9DA4-223DDFFD6292}"
EndProject
Project("{2150E333-8FDC-42A3-9474-1A3956D46DE8}") = "Interface", "Interface", "{87A5F630-B328-4B24-901C-3523E5D8ACFA}"
EndProject
Project("{2150E333-8FDC-42A3-9474-1A3956D46DE8}") = "Service", "Service", "{A1C44780-1BC6-4F1A-9DD7-3630EF1A66D4}"
EndProject
Project("{9A19103F-16F7-4668-BE54-9A1E7A4F7556}") = "SHL.IPropriedade", "..\..\04-Source\SHL.IPropriedade\SHL.IPropriedade.csproj", "{301A551B-B692-4AC6-BC3E-5183BF9C740F}"
EndProject
Project("{9A19103F-16F7-4668-BE54-9A1E7A4F7556}") = "SHL.IRetorno", "..\..\04-Source\SHL.IRetorno\SHL.IRetorno.csproj", "{034AC24E-4B2E-4099-82F5-C4353E1B4D0D}"
EndProject
Project("{9A19103F-16F7-4668-BE54-9A1E7A4F7556}") = "SHL.ITimeSheetNG", "..\..\04-Source\SHL.ITimeSheetNG\SHL.ITimeSheetNG.csproj", "{622D7B92-7AC4-4015-A9A2-18A97E4681CF}"
EndProject
Project("{9A19103F-16F7-4668-BE54-9A1E7A4F7556}") = "SHL.Cryptograph", "..\..\04-Source\SHL.Cryptograph\SHL.Cryptograph.csproj", "{05BD1544-5C64-47D4-B772-95A326D7651B}"
EndProject
Project("{9A19103F-16F7-4668-BE54-9A1E7A4F7556}") = "SHL.HttpRequest", "..\..\04-Source\SHL.HttpRequest\SHL.HttpRequest.csproj", "{536F28A8-ADE0-4EF0-9A2B-6E36F0F9D14E}"
EndProject
Project("{9A19103F-16F7-4668-BE54-9A1E7A4F7556}") = "SHL.Utils", "..\..\04-Source\SHL.Utils\SHL.Utils.csproj", "{87437917-ECB1-4992-A958-91D1D77D2E42}"
EndProject
Project("{9A19103F-16F7-4668-BE54-9A1E7A4F7556}") = "SHL.TimeSheet.Service", "..\..\04-Source\TimeSheet.Service\SHL.TimeSheet.Service.csproj", "{E5616110-E908-4553-ABD6-922D1C5492FA}"
EndProject
Project("{FAE04EC0-301F-11D3-BF4B-00C04F79EFBC}") = "SHL.TimeSheet.Android", "..\..\04-Source\SHL.TimeSheet\SHL.TimeSheet.Android\SHL.TimeSheet.Android.csproj", "{082B3943-A3C2-43DD-8668-7CD50AEA72C6}"
EndProject
Project("{9A19103F-16F7-4668-BE54-9A1E7A4F7556}") = "SHL.TimeSheet", "..\..\04-Source\SHL.TimeSheet\SHL.TimeSheet\SHL.TimeSheet.csproj", "{7C3FD4A2-AFF7-4A4D-8009-8145BBB92766}"
EndProject
Project("{9A19103F-16F7-4668-BE54-9A1E7A4F7556}") = "SHL.ISettings", "..\..\04-Source\SHL.ISettings\SHL.ISettings.csproj", "{78101F35-BAD3-4125-A818-9173320F4854}"
EndProject
Project("{9A19103F-16F7-4668-BE54-9A1E7A4F7556}") = "SHL.ITimeSheet", "..\..\04-Source\SHL.ITimeSheet\SHL.ITimeSheet.csproj", "{3276D3A1-C012-45E7-976D-48BE4DF5B7B5}"
EndProject
Project("{9A19103F-16F7-4668-BE54-9A1E7A4F7556}") = "SHL.Types", "..\..\04-Source\SHL.Types\SHL.Types.csproj", "{617A225D-171D-4AE3-8FE5-C64C8AB54EB4}"
EndProject
Project("{2150E333-8FDC-42A3-9474-1A3956D46DE8}") = "Base", "Base", "{608CA00C-D067-44A8-95CF-78878BE4DF5E}"
EndProject
Project("{9A19103F-16F7-4668-BE54-9A1E7A4F7556}") = "SHL.BaseDAL", "..\..\04-Source\SHL.BaseDAL\SHL.BaseDAL.csproj", "{ACC4D470-9135-48A0-9C9C-81E9EE6AB0E7}"
EndProject
Project("{9A19103F-16F7-4668-BE54-9A1E7A4F7556}") = "SHL.SQLHelper", "..\..\04-Source\SHL.SQLHelper\SHL.SQLHelper.csproj", "{2D780E86-EECC-45D2-8E5C-C69CA0F7175A}"
EndProject
Project("{9A19103F-16F7-4668-BE54-9A1E7A4F7556}") = "SHL.BaseModel", "..\..\04-Source\SHL.BaseModel\SHL.BaseModel.csproj", "{C5DB48A1-E18B-4494-A40E-DCF4CF1C50AE}"
EndProject
Project("{9A19103F-16F7-4668-BE54-9A1E7A4F7556}") = "SHL.IParameter", "..\..\04-Source\SHL.IParameter\SHL.IParameter.csproj", "{F36C60DC-8893-4665-97CD-1D9FBF4F3FC6}"
EndProject
Project("{9A19103F-16F7-4668-BE54-9A1E7A4F7556}") = "SHL.IProject", "..\..\04-Source\SHL.IProject\SHL.IProject.csproj", "{6CD9C5D9-605F-406C-B3E4-5E67EAEE373A}"
EndProject
Project("{9A19103F-16F7-4668-BE54-9A1E7A4F7556}") = "SHL.ITask", "..\..\04-Source\SHL.ITask\SHL.ITask.csproj", "{78C53927-C272-49AA-A808-68958D1DBBEB}"
EndProject
Project("{9A19103F-16F7-4668-BE54-9A1E7A4F7556}") = "SHL.ISyncronism", "..\..\04-Source\SHL.ISyncronism\SHL.ISyncronism.csproj", "{AAB5B8CF-6A79-4061-B58B-859B3E2A2B0C}"
EndProject
Global
	GlobalSection(SolutionConfigurationPlatforms) = preSolution
		Debug|Any CPU = Debug|Any CPU
		Debug|x64 = Debug|x64
		Debug|x86 = Debug|x86
		Release|Any CPU = Release|Any CPU
		Release|x64 = Release|x64
		Release|x86 = Release|x86
	EndGlobalSection
	GlobalSection(ProjectConfigurationPlatforms) = postSolution
		{301A551B-B692-4AC6-BC3E-5183BF9C740F}.Debug|Any CPU.ActiveCfg = Debug|Any CPU
		{301A551B-B692-4AC6-BC3E-5183BF9C740F}.Debug|Any CPU.Build.0 = Debug|Any CPU
		{301A551B-B692-4AC6-BC3E-5183BF9C740F}.Debug|x64.ActiveCfg = Debug|x64
		{301A551B-B692-4AC6-BC3E-5183BF9C740F}.Debug|x64.Build.0 = Debug|x64
		{301A551B-B692-4AC6-BC3E-5183BF9C740F}.Debug|x86.ActiveCfg = Debug|x86
		{301A551B-B692-4AC6-BC3E-5183BF9C740F}.Debug|x86.Build.0 = Debug|x86
		{301A551B-B692-4AC6-BC3E-5183BF9C740F}.Release|Any CPU.ActiveCfg = Release|Any CPU
		{301A551B-B692-4AC6-BC3E-5183BF9C740F}.Release|Any CPU.Build.0 = Release|Any CPU
		{301A551B-B692-4AC6-BC3E-5183BF9C740F}.Release|x64.ActiveCfg = Release|x64
		{301A551B-B692-4AC6-BC3E-5183BF9C740F}.Release|x64.Build.0 = Release|x64
		{301A551B-B692-4AC6-BC3E-5183BF9C740F}.Release|x86.ActiveCfg = Release|x86
		{301A551B-B692-4AC6-BC3E-5183BF9C740F}.Release|x86.Build.0 = Release|x86
		{034AC24E-4B2E-4099-82F5-C4353E1B4D0D}.Debug|Any CPU.ActiveCfg = Debug|Any CPU
		{034AC24E-4B2E-4099-82F5-C4353E1B4D0D}.Debug|Any CPU.Build.0 = Debug|Any CPU
		{034AC24E-4B2E-4099-82F5-C4353E1B4D0D}.Debug|x64.ActiveCfg = Debug|x64
		{034AC24E-4B2E-4099-82F5-C4353E1B4D0D}.Debug|x64.Build.0 = Debug|x64
		{034AC24E-4B2E-4099-82F5-C4353E1B4D0D}.Debug|x86.ActiveCfg = Debug|x86
		{034AC24E-4B2E-4099-82F5-C4353E1B4D0D}.Debug|x86.Build.0 = Debug|x86
		{034AC24E-4B2E-4099-82F5-C4353E1B4D0D}.Release|Any CPU.ActiveCfg = Release|Any CPU
		{034AC24E-4B2E-4099-82F5-C4353E1B4D0D}.Release|Any CPU.Build.0 = Release|Any CPU
		{034AC24E-4B2E-4099-82F5-C4353E1B4D0D}.Release|x64.ActiveCfg = Release|x64
		{034AC24E-4B2E-4099-82F5-C4353E1B4D0D}.Release|x64.Build.0 = Release|x64
		{034AC24E-4B2E-4099-82F5-C4353E1B4D0D}.Release|x86.ActiveCfg = Release|x86
		{034AC24E-4B2E-4099-82F5-C4353E1B4D0D}.Release|x86.Build.0 = Release|x86
		{622D7B92-7AC4-4015-A9A2-18A97E4681CF}.Debug|Any CPU.ActiveCfg = Debug|Any CPU
		{622D7B92-7AC4-4015-A9A2-18A97E4681CF}.Debug|Any CPU.Build.0 = Debug|Any CPU
		{622D7B92-7AC4-4015-A9A2-18A97E4681CF}.Debug|x64.ActiveCfg = Debug|x64
		{622D7B92-7AC4-4015-A9A2-18A97E4681CF}.Debug|x64.Build.0 = Debug|x64
		{622D7B92-7AC4-4015-A9A2-18A97E4681CF}.Debug|x86.ActiveCfg = Debug|x86
		{622D7B92-7AC4-4015-A9A2-18A97E4681CF}.Debug|x86.Build.0 = Debug|x86
		{622D7B92-7AC4-4015-A9A2-18A97E4681CF}.Release|Any CPU.ActiveCfg = Release|Any CPU
		{622D7B92-7AC4-4015-A9A2-18A97E4681CF}.Release|Any CPU.Build.0 = Release|Any CPU
		{622D7B92-7AC4-4015-A9A2-18A97E4681CF}.Release|x64.ActiveCfg = Release|x64
		{622D7B92-7AC4-4015-A9A2-18A97E4681CF}.Release|x64.Build.0 = Release|x64
		{622D7B92-7AC4-4015-A9A2-18A97E4681CF}.Release|x86.ActiveCfg = Release|x86
		{622D7B92-7AC4-4015-A9A2-18A97E4681CF}.Release|x86.Build.0 = Release|x86
		{05BD1544-5C64-47D4-B772-95A326D7651B}.Debug|Any CPU.ActiveCfg = Debug|Any CPU
		{05BD1544-5C64-47D4-B772-95A326D7651B}.Debug|Any CPU.Build.0 = Debug|Any CPU
		{05BD1544-5C64-47D4-B772-95A326D7651B}.Debug|x64.ActiveCfg = Debug|x64
		{05BD1544-5C64-47D4-B772-95A326D7651B}.Debug|x64.Build.0 = Debug|x64
		{05BD1544-5C64-47D4-B772-95A326D7651B}.Debug|x86.ActiveCfg = Debug|x86
		{05BD1544-5C64-47D4-B772-95A326D7651B}.Debug|x86.Build.0 = Debug|x86
		{05BD1544-5C64-47D4-B772-95A326D7651B}.Release|Any CPU.ActiveCfg = Release|Any CPU
		{05BD1544-5C64-47D4-B772-95A326D7651B}.Release|Any CPU.Build.0 = Release|Any CPU
		{05BD1544-5C64-47D4-B772-95A326D7651B}.Release|x64.ActiveCfg = Release|x64
		{05BD1544-5C64-47D4-B772-95A326D7651B}.Release|x64.Build.0 = Release|x64
		{05BD1544-5C64-47D4-B772-95A326D7651B}.Release|x86.ActiveCfg = Release|x86
		{05BD1544-5C64-47D4-B772-95A326D7651B}.Release|x86.Build.0 = Release|x86
		{536F28A8-ADE0-4EF0-9A2B-6E36F0F9D14E}.Debug|Any CPU.ActiveCfg = Debug|Any CPU
		{536F28A8-ADE0-4EF0-9A2B-6E36F0F9D14E}.Debug|Any CPU.Build.0 = Debug|Any CPU
		{536F28A8-ADE0-4EF0-9A2B-6E36F0F9D14E}.Debug|x64.ActiveCfg = Debug|x64
		{536F28A8-ADE0-4EF0-9A2B-6E36F0F9D14E}.Debug|x64.Build.0 = Debug|x64
		{536F28A8-ADE0-4EF0-9A2B-6E36F0F9D14E}.Debug|x86.ActiveCfg = Debug|x86
		{536F28A8-ADE0-4EF0-9A2B-6E36F0F9D14E}.Debug|x86.Build.0 = Debug|x86
		{536F28A8-ADE0-4EF0-9A2B-6E36F0F9D14E}.Release|Any CPU.ActiveCfg = Release|Any CPU
		{536F28A8-ADE0-4EF0-9A2B-6E36F0F9D14E}.Release|Any CPU.Build.0 = Release|Any CPU
		{536F28A8-ADE0-4EF0-9A2B-6E36F0F9D14E}.Release|x64.ActiveCfg = Release|x64
		{536F28A8-ADE0-4EF0-9A2B-6E36F0F9D14E}.Release|x64.Build.0 = Release|x64
		{536F28A8-ADE0-4EF0-9A2B-6E36F0F9D14E}.Release|x86.ActiveCfg = Release|x86
		{536F28A8-ADE0-4EF0-9A2B-6E36F0F9D14E}.Release|x86.Build.0 = Release|x86
		{87437917-ECB1-4992-A958-91D1D77D2E42}.Debug|Any CPU.ActiveCfg = Debug|Any CPU
		{87437917-ECB1-4992-A958-91D1D77D2E42}.Debug|Any CPU.Build.0 = Debug|Any CPU
		{87437917-ECB1-4992-A958-91D1D77D2E42}.Debug|x64.ActiveCfg = Debug|x64
		{87437917-ECB1-4992-A958-91D1D77D2E42}.Debug|x64.Build.0 = Debug|x64
		{87437917-ECB1-4992-A958-91D1D77D2E42}.Debug|x86.ActiveCfg = Debug|x86
		{87437917-ECB1-4992-A958-91D1D77D2E42}.Debug|x86.Build.0 = Debug|x86
		{87437917-ECB1-4992-A958-91D1D77D2E42}.Release|Any CPU.ActiveCfg = Release|Any CPU
		{87437917-ECB1-4992-A958-91D1D77D2E42}.Release|Any CPU.Build.0 = Release|Any CPU
		{87437917-ECB1-4992-A958-91D1D77D2E42}.Release|x64.ActiveCfg = Release|x64
		{87437917-ECB1-4992-A958-91D1D77D2E42}.Release|x64.Build.0 = Release|x64
		{87437917-ECB1-4992-A958-91D1D77D2E42}.Release|x86.ActiveCfg = Release|x86
		{87437917-ECB1-4992-A958-91D1D77D2E42}.Release|x86.Build.0 = Release|x86
		{E5616110-E908-4553-ABD6-922D1C5492FA}.Debug|Any CPU.ActiveCfg = Debug|Any CPU
		{E5616110-E908-4553-ABD6-922D1C5492FA}.Debug|Any CPU.Build.0 = Debug|Any CPU
		{E5616110-E908-4553-ABD6-922D1C5492FA}.Debug|x64.ActiveCfg = Debug|x64
		{E5616110-E908-4553-ABD6-922D1C5492FA}.Debug|x64.Build.0 = Debug|x64
		{E5616110-E908-4553-ABD6-922D1C5492FA}.Debug|x86.ActiveCfg = Debug|x86
		{E5616110-E908-4553-ABD6-922D1C5492FA}.Debug|x86.Build.0 = Debug|x86
		{E5616110-E908-4553-ABD6-922D1C5492FA}.Release|Any CPU.ActiveCfg = Release|Any CPU
		{E5616110-E908-4553-ABD6-922D1C5492FA}.Release|Any CPU.Build.0 = Release|Any CPU
		{E5616110-E908-4553-ABD6-922D1C5492FA}.Release|x64.ActiveCfg = Release|x64
		{E5616110-E908-4553-ABD6-922D1C5492FA}.Release|x64.Build.0 = Release|x64
		{E5616110-E908-4553-ABD6-922D1C5492FA}.Release|x86.ActiveCfg = Release|x86
		{E5616110-E908-4553-ABD6-922D1C5492FA}.Release|x86.Build.0 = Release|x86
		{082B3943-A3C2-43DD-8668-7CD50AEA72C6}.Debug|Any CPU.ActiveCfg = Debug|Any CPU
		{082B3943-A3C2-43DD-8668-7CD50AEA72C6}.Debug|Any CPU.Build.0 = Debug|Any CPU
		{082B3943-A3C2-43DD-8668-7CD50AEA72C6}.Debug|Any CPU.Deploy.0 = Debug|Any CPU
		{082B3943-A3C2-43DD-8668-7CD50AEA72C6}.Debug|x64.ActiveCfg = Debug|x64
		{082B3943-A3C2-43DD-8668-7CD50AEA72C6}.Debug|x64.Build.0 = Debug|x64
		{082B3943-A3C2-43DD-8668-7CD50AEA72C6}.Debug|x64.Deploy.0 = Debug|x64
		{082B3943-A3C2-43DD-8668-7CD50AEA72C6}.Debug|x86.ActiveCfg = Debug|x86
		{082B3943-A3C2-43DD-8668-7CD50AEA72C6}.Debug|x86.Build.0 = Debug|x86
		{082B3943-A3C2-43DD-8668-7CD50AEA72C6}.Debug|x86.Deploy.0 = Debug|x86
		{082B3943-A3C2-43DD-8668-7CD50AEA72C6}.Release|Any CPU.ActiveCfg = Release|Any CPU
		{082B3943-A3C2-43DD-8668-7CD50AEA72C6}.Release|Any CPU.Build.0 = Release|Any CPU
		{082B3943-A3C2-43DD-8668-7CD50AEA72C6}.Release|Any CPU.Deploy.0 = Release|Any CPU
		{082B3943-A3C2-43DD-8668-7CD50AEA72C6}.Release|x64.ActiveCfg = Release|x64
		{082B3943-A3C2-43DD-8668-7CD50AEA72C6}.Release|x64.Build.0 = Release|x64
		{082B3943-A3C2-43DD-8668-7CD50AEA72C6}.Release|x64.Deploy.0 = Release|x64
		{082B3943-A3C2-43DD-8668-7CD50AEA72C6}.Release|x86.ActiveCfg = Release|x86
		{082B3943-A3C2-43DD-8668-7CD50AEA72C6}.Release|x86.Build.0 = Release|x86
		{082B3943-A3C2-43DD-8668-7CD50AEA72C6}.Release|x86.Deploy.0 = Release|x86
		{7C3FD4A2-AFF7-4A4D-8009-8145BBB92766}.Debug|Any CPU.ActiveCfg = Debug|Any CPU
		{7C3FD4A2-AFF7-4A4D-8009-8145BBB92766}.Debug|Any CPU.Build.0 = Debug|Any CPU
		{7C3FD4A2-AFF7-4A4D-8009-8145BBB92766}.Debug|x64.ActiveCfg = Debug|x64
		{7C3FD4A2-AFF7-4A4D-8009-8145BBB92766}.Debug|x64.Build.0 = Debug|x64
		{7C3FD4A2-AFF7-4A4D-8009-8145BBB92766}.Debug|x86.ActiveCfg = Debug|x86
		{7C3FD4A2-AFF7-4A4D-8009-8145BBB92766}.Debug|x86.Build.0 = Debug|x86
		{7C3FD4A2-AFF7-4A4D-8009-8145BBB92766}.Release|Any CPU.ActiveCfg = Release|Any CPU
		{7C3FD4A2-AFF7-4A4D-8009-8145BBB92766}.Release|Any CPU.Build.0 = Release|Any CPU
		{7C3FD4A2-AFF7-4A4D-8009-8145BBB92766}.Release|x64.ActiveCfg = Release|x64
		{7C3FD4A2-AFF7-4A4D-8009-8145BBB92766}.Release|x64.Build.0 = Release|x64
		{7C3FD4A2-AFF7-4A4D-8009-8145BBB92766}.Release|x86.ActiveCfg = Release|x86
		{7C3FD4A2-AFF7-4A4D-8009-8145BBB92766}.Release|x86.Build.0 = Release|x86
		{78101F35-BAD3-4125-A818-9173320F4854}.Debug|Any CPU.ActiveCfg = Debug|Any CPU
		{78101F35-BAD3-4125-A818-9173320F4854}.Debug|Any CPU.Build.0 = Debug|Any CPU
		{78101F35-BAD3-4125-A818-9173320F4854}.Debug|x64.ActiveCfg = Debug|x64
		{78101F35-BAD3-4125-A818-9173320F4854}.Debug|x64.Build.0 = Debug|x64
		{78101F35-BAD3-4125-A818-9173320F4854}.Debug|x86.ActiveCfg = Debug|x86
		{78101F35-BAD3-4125-A818-9173320F4854}.Debug|x86.Build.0 = Debug|x86
		{78101F35-BAD3-4125-A818-9173320F4854}.Release|Any CPU.ActiveCfg = Release|Any CPU
		{78101F35-BAD3-4125-A818-9173320F4854}.Release|Any CPU.Build.0 = Release|Any CPU
		{78101F35-BAD3-4125-A818-9173320F4854}.Release|x64.ActiveCfg = Release|x64
		{78101F35-BAD3-4125-A818-9173320F4854}.Release|x64.Build.0 = Release|x64
		{78101F35-BAD3-4125-A818-9173320F4854}.Release|x86.ActiveCfg = Release|x86
		{78101F35-BAD3-4125-A818-9173320F4854}.Release|x86.Build.0 = Release|x86
		{3276D3A1-C012-45E7-976D-48BE4DF5B7B5}.Debug|Any CPU.ActiveCfg = Debug|Any CPU
		{3276D3A1-C012-45E7-976D-48BE4DF5B7B5}.Debug|Any CPU.Build.0 = Debug|Any CPU
		{3276D3A1-C012-45E7-976D-48BE4DF5B7B5}.Debug|x64.ActiveCfg = Debug|x64
		{3276D3A1-C012-45E7-976D-48BE4DF5B7B5}.Debug|x64.Build.0 = Debug|x64
		{3276D3A1-C012-45E7-976D-48BE4DF5B7B5}.Debug|x86.ActiveCfg = Debug|x86
		{3276D3A1-C012-45E7-976D-48BE4DF5B7B5}.Debug|x86.Build.0 = Debug|x86
		{3276D3A1-C012-45E7-976D-48BE4DF5B7B5}.Release|Any CPU.ActiveCfg = Release|Any CPU
		{3276D3A1-C012-45E7-976D-48BE4DF5B7B5}.Release|Any CPU.Build.0 = Release|Any CPU
		{3276D3A1-C012-45E7-976D-48BE4DF5B7B5}.Release|x64.ActiveCfg = Release|x64
		{3276D3A1-C012-45E7-976D-48BE4DF5B7B5}.Release|x64.Build.0 = Release|x64
		{3276D3A1-C012-45E7-976D-48BE4DF5B7B5}.Release|x86.ActiveCfg = Release|x86
		{3276D3A1-C012-45E7-976D-48BE4DF5B7B5}.Release|x86.Build.0 = Release|x86
		{617A225D-171D-4AE3-8FE5-C64C8AB54EB4}.Debug|Any CPU.ActiveCfg = Debug|Any CPU
		{617A225D-171D-4AE3-8FE5-C64C8AB54EB4}.Debug|Any CPU.Build.0 = Debug|Any CPU
		{617A225D-171D-4AE3-8FE5-C64C8AB54EB4}.Debug|x64.ActiveCfg = Debug|x64
		{617A225D-171D-4AE3-8FE5-C64C8AB54EB4}.Debug|x64.Build.0 = Debug|x64
		{617A225D-171D-4AE3-8FE5-C64C8AB54EB4}.Debug|x86.ActiveCfg = Debug|x86
		{617A225D-171D-4AE3-8FE5-C64C8AB54EB4}.Debug|x86.Build.0 = Debug|x86
		{617A225D-171D-4AE3-8FE5-C64C8AB54EB4}.Release|Any CPU.ActiveCfg = Release|Any CPU
		{617A225D-171D-4AE3-8FE5-C64C8AB54EB4}.Release|Any CPU.Build.0 = Release|Any CPU
		{617A225D-171D-4AE3-8FE5-C64C8AB54EB4}.Release|x64.ActiveCfg = Release|x64
		{617A225D-171D-4AE3-8FE5-C64C8AB54EB4}.Release|x64.Build.0 = Release|x64
		{617A225D-171D-4AE3-8FE5-C64C8AB54EB4}.Release|x86.ActiveCfg = Release|x86
		{617A225D-171D-4AE3-8FE5-C64C8AB54EB4}.Release|x86.Build.0 = Release|x86
		{ACC4D470-9135-48A0-9C9C-81E9EE6AB0E7}.Debug|Any CPU.ActiveCfg = Debug|Any CPU
		{ACC4D470-9135-48A0-9C9C-81E9EE6AB0E7}.Debug|Any CPU.Build.0 = Debug|Any CPU
		{ACC4D470-9135-48A0-9C9C-81E9EE6AB0E7}.Debug|x64.ActiveCfg = Debug|x64
		{ACC4D470-9135-48A0-9C9C-81E9EE6AB0E7}.Debug|x64.Build.0 = Debug|x64
		{ACC4D470-9135-48A0-9C9C-81E9EE6AB0E7}.Debug|x86.ActiveCfg = Debug|x86
		{ACC4D470-9135-48A0-9C9C-81E9EE6AB0E7}.Debug|x86.Build.0 = Debug|x86
		{ACC4D470-9135-48A0-9C9C-81E9EE6AB0E7}.Release|Any CPU.ActiveCfg = Release|Any CPU
		{ACC4D470-9135-48A0-9C9C-81E9EE6AB0E7}.Release|Any CPU.Build.0 = Release|Any CPU
		{ACC4D470-9135-48A0-9C9C-81E9EE6AB0E7}.Release|x64.ActiveCfg = Release|x64
		{ACC4D470-9135-48A0-9C9C-81E9EE6AB0E7}.Release|x64.Build.0 = Release|x64
		{ACC4D470-9135-48A0-9C9C-81E9EE6AB0E7}.Release|x86.ActiveCfg = Release|x86
		{ACC4D470-9135-48A0-9C9C-81E9EE6AB0E7}.Release|x86.Build.0 = Release|x86
		{2D780E86-EECC-45D2-8E5C-C69CA0F7175A}.Debug|Any CPU.ActiveCfg = Debug|Any CPU
		{2D780E86-EECC-45D2-8E5C-C69CA0F7175A}.Debug|Any CPU.Build.0 = Debug|Any CPU
		{2D780E86-EECC-45D2-8E5C-C69CA0F7175A}.Debug|x64.ActiveCfg = Debug|x64
		{2D780E86-EECC-45D2-8E5C-C69CA0F7175A}.Debug|x64.Build.0 = Debug|x64
		{2D780E86-EECC-45D2-8E5C-C69CA0F7175A}.Debug|x86.ActiveCfg = Debug|x86
		{2D780E86-EECC-45D2-8E5C-C69CA0F7175A}.Debug|x86.Build.0 = Debug|x86
		{2D780E86-EECC-45D2-8E5C-C69CA0F7175A}.Release|Any CPU.ActiveCfg = Release|Any CPU
		{2D780E86-EECC-45D2-8E5C-C69CA0F7175A}.Release|Any CPU.Build.0 = Release|Any CPU
		{2D780E86-EECC-45D2-8E5C-C69CA0F7175A}.Release|x64.ActiveCfg = Release|x64
		{2D780E86-EECC-45D2-8E5C-C69CA0F7175A}.Release|x64.Build.0 = Release|x64
		{2D780E86-EECC-45D2-8E5C-C69CA0F7175A}.Release|x86.ActiveCfg = Release|x86
		{2D780E86-EECC-45D2-8E5C-C69CA0F7175A}.Release|x86.Build.0 = Release|x86
		{C5DB48A1-E18B-4494-A40E-DCF4CF1C50AE}.Debug|Any CPU.ActiveCfg = Debug|Any CPU
		{C5DB48A1-E18B-4494-A40E-DCF4CF1C50AE}.Debug|Any CPU.Build.0 = Debug|Any CPU
		{C5DB48A1-E18B-4494-A40E-DCF4CF1C50AE}.Debug|x64.ActiveCfg = Debug|x64
		{C5DB48A1-E18B-4494-A40E-DCF4CF1C50AE}.Debug|x64.Build.0 = Debug|x64
		{C5DB48A1-E18B-4494-A40E-DCF4CF1C50AE}.Debug|x86.ActiveCfg = Debug|x86
		{C5DB48A1-E18B-4494-A40E-DCF4CF1C50AE}.Debug|x86.Build.0 = Debug|x86
		{C5DB48A1-E18B-4494-A40E-DCF4CF1C50AE}.Release|Any CPU.ActiveCfg = Release|Any CPU
		{C5DB48A1-E18B-4494-A40E-DCF4CF1C50AE}.Release|Any CPU.Build.0 = Release|Any CPU
		{C5DB48A1-E18B-4494-A40E-DCF4CF1C50AE}.Release|x64.ActiveCfg = Release|x64
		{C5DB48A1-E18B-4494-A40E-DCF4CF1C50AE}.Release|x64.Build.0 = Release|x64
		{C5DB48A1-E18B-4494-A40E-DCF4CF1C50AE}.Release|x86.ActiveCfg = Release|x86
		{C5DB48A1-E18B-4494-A40E-DCF4CF1C50AE}.Release|x86.Build.0 = Release|x86
		{F36C60DC-8893-4665-97CD-1D9FBF4F3FC6}.Debug|Any CPU.ActiveCfg = Debug|Any CPU
		{F36C60DC-8893-4665-97CD-1D9FBF4F3FC6}.Debug|Any CPU.Build.0 = Debug|Any CPU
		{F36C60DC-8893-4665-97CD-1D9FBF4F3FC6}.Debug|x64.ActiveCfg = Debug|x64
		{F36C60DC-8893-4665-97CD-1D9FBF4F3FC6}.Debug|x64.Build.0 = Debug|x64
		{F36C60DC-8893-4665-97CD-1D9FBF4F3FC6}.Debug|x86.ActiveCfg = Debug|x86
		{F36C60DC-8893-4665-97CD-1D9FBF4F3FC6}.Debug|x86.Build.0 = Debug|x86
		{F36C60DC-8893-4665-97CD-1D9FBF4F3FC6}.Release|Any CPU.ActiveCfg = Release|Any CPU
		{F36C60DC-8893-4665-97CD-1D9FBF4F3FC6}.Release|Any CPU.Build.0 = Release|Any CPU
		{F36C60DC-8893-4665-97CD-1D9FBF4F3FC6}.Release|x64.ActiveCfg = Release|x64
		{F36C60DC-8893-4665-97CD-1D9FBF4F3FC6}.Release|x64.Build.0 = Release|x64
		{F36C60DC-8893-4665-97CD-1D9FBF4F3FC6}.Release|x86.ActiveCfg = Release|x86
		{F36C60DC-8893-4665-97CD-1D9FBF4F3FC6}.Release|x86.Build.0 = Release|x86
		{6CD9C5D9-605F-406C-B3E4-5E67EAEE373A}.Debug|Any CPU.ActiveCfg = Debug|Any CPU
		{6CD9C5D9-605F-406C-B3E4-5E67EAEE373A}.Debug|Any CPU.Build.0 = Debug|Any CPU
		{6CD9C5D9-605F-406C-B3E4-5E67EAEE373A}.Debug|x64.ActiveCfg = Debug|x64
		{6CD9C5D9-605F-406C-B3E4-5E67EAEE373A}.Debug|x64.Build.0 = Debug|x64
		{6CD9C5D9-605F-406C-B3E4-5E67EAEE373A}.Debug|x86.ActiveCfg = Debug|x86
		{6CD9C5D9-605F-406C-B3E4-5E67EAEE373A}.Debug|x86.Build.0 = Debug|x86
		{6CD9C5D9-605F-406C-B3E4-5E67EAEE373A}.Release|Any CPU.ActiveCfg = Release|Any CPU
		{6CD9C5D9-605F-406C-B3E4-5E67EAEE373A}.Release|Any CPU.Build.0 = Release|Any CPU
		{6CD9C5D9-605F-406C-B3E4-5E67EAEE373A}.Release|x64.ActiveCfg = Release|x64
		{6CD9C5D9-605F-406C-B3E4-5E67EAEE373A}.Release|x64.Build.0 = Release|x64
		{6CD9C5D9-605F-406C-B3E4-5E67EAEE373A}.Release|x86.ActiveCfg = Release|x86
		{6CD9C5D9-605F-406C-B3E4-5E67EAEE373A}.Release|x86.Build.0 = Release|x86
		{78C53927-C272-49AA-A808-68958D1DBBEB}.Debug|Any CPU.ActiveCfg = Debug|Any CPU
		{78C53927-C272-49AA-A808-68958D1DBBEB}.Debug|Any CPU.Build.0 = Debug|Any CPU
		{78C53927-C272-49AA-A808-68958D1DBBEB}.Debug|x64.ActiveCfg = Debug|x64
		{78C53927-C272-49AA-A808-68958D1DBBEB}.Debug|x64.Build.0 = Debug|x64
		{78C53927-C272-49AA-A808-68958D1DBBEB}.Debug|x86.ActiveCfg = Debug|x86
		{78C53927-C272-49AA-A808-68958D1DBBEB}.Debug|x86.Build.0 = Debug|x86
		{78C53927-C272-49AA-A808-68958D1DBBEB}.Release|Any CPU.ActiveCfg = Release|Any CPU
		{78C53927-C272-49AA-A808-68958D1DBBEB}.Release|Any CPU.Build.0 = Release|Any CPU
		{78C53927-C272-49AA-A808-68958D1DBBEB}.Release|x64.ActiveCfg = Release|x64
		{78C53927-C272-49AA-A808-68958D1DBBEB}.Release|x64.Build.0 = Release|x64
		{78C53927-C272-49AA-A808-68958D1DBBEB}.Release|x86.ActiveCfg = Release|x86
		{78C53927-C272-49AA-A808-68958D1DBBEB}.Release|x86.Build.0 = Release|x86
		{AAB5B8CF-6A79-4061-B58B-859B3E2A2B0C}.Debug|Any CPU.ActiveCfg = Debug|Any CPU
		{AAB5B8CF-6A79-4061-B58B-859B3E2A2B0C}.Debug|Any CPU.Build.0 = Debug|Any CPU
		{AAB5B8CF-6A79-4061-B58B-859B3E2A2B0C}.Debug|x64.ActiveCfg = Debug|Any CPU
		{AAB5B8CF-6A79-4061-B58B-859B3E2A2B0C}.Debug|x64.Build.0 = Debug|Any CPU
		{AAB5B8CF-6A79-4061-B58B-859B3E2A2B0C}.Debug|x86.ActiveCfg = Debug|Any CPU
		{AAB5B8CF-6A79-4061-B58B-859B3E2A2B0C}.Debug|x86.Build.0 = Debug|Any CPU
		{AAB5B8CF-6A79-4061-B58B-859B3E2A2B0C}.Release|Any CPU.ActiveCfg = Release|Any CPU
		{AAB5B8CF-6A79-4061-B58B-859B3E2A2B0C}.Release|Any CPU.Build.0 = Release|Any CPU
		{AAB5B8CF-6A79-4061-B58B-859B3E2A2B0C}.Release|x64.ActiveCfg = Release|Any CPU
		{AAB5B8CF-6A79-4061-B58B-859B3E2A2B0C}.Release|x64.Build.0 = Release|Any CPU
		{AAB5B8CF-6A79-4061-B58B-859B3E2A2B0C}.Release|x86.ActiveCfg = Release|Any CPU
		{AAB5B8CF-6A79-4061-B58B-859B3E2A2B0C}.Release|x86.Build.0 = Release|Any CPU
	EndGlobalSection
	GlobalSection(SolutionProperties) = preSolution
		HideSolutionNode = FALSE
	EndGlobalSection
	GlobalSection(NestedProjects) = preSolution
		{301A551B-B692-4AC6-BC3E-5183BF9C740F} = {87A5F630-B328-4B24-901C-3523E5D8ACFA}
		{034AC24E-4B2E-4099-82F5-C4353E1B4D0D} = {87A5F630-B328-4B24-901C-3523E5D8ACFA}
		{622D7B92-7AC4-4015-A9A2-18A97E4681CF} = {87A5F630-B328-4B24-901C-3523E5D8ACFA}
		{05BD1544-5C64-47D4-B772-95A326D7651B} = {C42D6C6F-24C6-423E-9DA4-223DDFFD6292}
		{536F28A8-ADE0-4EF0-9A2B-6E36F0F9D14E} = {C42D6C6F-24C6-423E-9DA4-223DDFFD6292}
		{87437917-ECB1-4992-A958-91D1D77D2E42} = {C42D6C6F-24C6-423E-9DA4-223DDFFD6292}
		{E5616110-E908-4553-ABD6-922D1C5492FA} = {A1C44780-1BC6-4F1A-9DD7-3630EF1A66D4}
		{082B3943-A3C2-43DD-8668-7CD50AEA72C6} = {4D687E38-42F2-4513-BE83-2BE6418E20EA}
		{7C3FD4A2-AFF7-4A4D-8009-8145BBB92766} = {4D687E38-42F2-4513-BE83-2BE6418E20EA}
		{78101F35-BAD3-4125-A818-9173320F4854} = {87A5F630-B328-4B24-901C-3523E5D8ACFA}
		{3276D3A1-C012-45E7-976D-48BE4DF5B7B5} = {87A5F630-B328-4B24-901C-3523E5D8ACFA}
		{617A225D-171D-4AE3-8FE5-C64C8AB54EB4} = {608CA00C-D067-44A8-95CF-78878BE4DF5E}
		{ACC4D470-9135-48A0-9C9C-81E9EE6AB0E7} = {608CA00C-D067-44A8-95CF-78878BE4DF5E}
		{2D780E86-EECC-45D2-8E5C-C69CA0F7175A} = {608CA00C-D067-44A8-95CF-78878BE4DF5E}
		{C5DB48A1-E18B-4494-A40E-DCF4CF1C50AE} = {608CA00C-D067-44A8-95CF-78878BE4DF5E}
		{F36C60DC-8893-4665-97CD-1D9FBF4F3FC6} = {87A5F630-B328-4B24-901C-3523E5D8ACFA}
		{6CD9C5D9-605F-406C-B3E4-5E67EAEE373A} = {87A5F630-B328-4B24-901C-3523E5D8ACFA}
		{78C53927-C272-49AA-A808-68958D1DBBEB} = {87A5F630-B328-4B24-901C-3523E5D8ACFA}
		{AAB5B8CF-6A79-4061-B58B-859B3E2A2B0C} = {87A5F630-B328-4B24-901C-3523E5D8ACFA}
	EndGlobalSection
	GlobalSection(ExtensibilityGlobals) = postSolution
		SolutionGuid = {691C6D9A-8C46-44F1-B8DE-748C03B0F507}
	EndGlobalSection
EndGlobal
